
Microsoft Visual Studio Solution File, Format Version 11.00
# Visual Studio 2010
Project("{FAE04EC0-301F-11D3-BF4B-00C04F79EFBC}") = "Assembly-CSharp", "Assembly-CSharp.csproj", "{B3FA6E63-F102-AA35-6DD1-B1FDE7527F3E}"
EndProject
Global
	GlobalSection(SolutionConfigurationPlatforms) = preSolution
		Debug|Any CPU = Debug|Any CPU
		Release|Any CPU = Release|Any CPU
	EndGlobalSection
	GlobalSection(ProjectConfigurationPlatforms) = postSolution
		{B3FA6E63-F102-AA35-6DD1-B1FDE7527F3E}.Debug|Any CPU.ActiveCfg = Debug|Any CPU
		{B3FA6E63-F102-AA35-6DD1-B1FDE7527F3E}.Debug|Any CPU.Build.0 = Debug|Any CPU
		{B3FA6E63-F102-AA35-6DD1-B1FDE7527F3E}.Release|Any CPU.ActiveCfg = Release|Any CPU
		{B3FA6E63-F102-AA35-6DD1-B1FDE7527F3E}.Release|Any CPU.Build.0 = Release|Any CPU
	EndGlobalSection
	GlobalSection(SolutionProperties) = preSolution
		HideSolutionNode = FALSE
	EndGlobalSection
EndGlobal
